
Microsoft Visual Studio Solution File, Format Version 12.00
# Visual Studio Version 16
VisualStudioVersion = 16.0.32510.428
MinimumVisualStudioVersion = 10.0.40219.1
Project("{FAE04EC0-301F-11D3-BF4B-00C04F79EFBC}") = "Tarea4", "Tarea4\Tarea4.csproj", "{7562B3B1-62E6-4910-9E95-E7B0843D4A49}"
EndProject
Global
	GlobalSection(SolutionConfigurationPlatforms) = preSolution
		Debug|Any CPU = Debug|Any CPU
		Release|Any CPU = Release|Any CPU
	EndGlobalSection
	GlobalSection(ProjectConfigurationPlatforms) = postSolution
		{7562B3B1-62E6-4910-9E95-E7B0843D4A49}.Debug|Any CPU.ActiveCfg = Debug|Any CPU
		{7562B3B1-62E6-4910-9E95-E7B0843D4A49}.Debug|Any CPU.Build.0 = Debug|Any CPU
		{7562B3B1-62E6-4910-9E95-E7B0843D4A49}.Release|Any CPU.ActiveCfg = Release|Any CPU
		{7562B3B1-62E6-4910-9E95-E7B0843D4A49}.Release|Any CPU.Build.0 = Release|Any CPU
	EndGlobalSection
	GlobalSection(SolutionProperties) = preSolution
		HideSolutionNode = FALSE
	EndGlobalSection
	GlobalSection(ExtensibilityGlobals) = postSolution
		SolutionGuid = {2C355A46-E882-44A1-BE59-E0140B8EF8A3}
	EndGlobalSection
EndGlobal
